
Microsoft Visual Studio Solution File, Format Version 11.00
# Visual Studio 2010
Project("{FAE04EC0-301F-11D3-BF4B-00C04F79EFBC}") = "MediaLibraryReader", "MediaLibraryReader\MediaLibraryReader.csproj", "{26B41E2C-8CBF-460A-8775-AC208AF2F1BF}"
EndProject
Project("{FAE04EC0-301F-11D3-BF4B-00C04F79EFBC}") = "UnitTest", "UnitTest\UnitTest.csproj", "{A39AA5F5-D674-4544-A296-CE222A852FE3}"
EndProject
Project("{FAE04EC0-301F-11D3-BF4B-00C04F79EFBC}") = "MediaLibraryDAL", "MediaLibraryDAL\MediaLibraryDAL.csproj", "{7A6D31D1-D904-4619-9475-0B6CC7CBFE42}"
EndProject
Global
	GlobalSection(SolutionConfigurationPlatforms) = preSolution
		Debug|Any CPU = Debug|Any CPU
		Debug|Mixed Platforms = Debug|Mixed Platforms
		Debug|Win32 = Debug|Win32
		Debug|x86 = Debug|x86
		Release|Any CPU = Release|Any CPU
		Release|Mixed Platforms = Release|Mixed Platforms
		Release|Win32 = Release|Win32
		Release|x86 = Release|x86
	EndGlobalSection
	GlobalSection(ProjectConfigurationPlatforms) = postSolution
		{26B41E2C-8CBF-460A-8775-AC208AF2F1BF}.Debug|Any CPU.ActiveCfg = Debug|Any CPU
		{26B41E2C-8CBF-460A-8775-AC208AF2F1BF}.Debug|Any CPU.Build.0 = Debug|Any CPU
		{26B41E2C-8CBF-460A-8775-AC208AF2F1BF}.Debug|Mixed Platforms.ActiveCfg = Debug|Any CPU
		{26B41E2C-8CBF-460A-8775-AC208AF2F1BF}.Debug|Mixed Platforms.Build.0 = Debug|Any CPU
		{26B41E2C-8CBF-460A-8775-AC208AF2F1BF}.Debug|Win32.ActiveCfg = Debug|Any CPU
		{26B41E2C-8CBF-460A-8775-AC208AF2F1BF}.Debug|x86.ActiveCfg = Debug|Any CPU
		{26B41E2C-8CBF-460A-8775-AC208AF2F1BF}.Release|Any CPU.ActiveCfg = Release|Any CPU
		{26B41E2C-8CBF-460A-8775-AC208AF2F1BF}.Release|Any CPU.Build.0 = Release|Any CPU
		{26B41E2C-8CBF-460A-8775-AC208AF2F1BF}.Release|Mixed Platforms.ActiveCfg = Release|Any CPU
		{26B41E2C-8CBF-460A-8775-AC208AF2F1BF}.Release|Mixed Platforms.Build.0 = Release|Any CPU
		{26B41E2C-8CBF-460A-8775-AC208AF2F1BF}.Release|Win32.ActiveCfg = Release|Any CPU
		{26B41E2C-8CBF-460A-8775-AC208AF2F1BF}.Release|x86.ActiveCfg = Release|Any CPU
		{A39AA5F5-D674-4544-A296-CE222A852FE3}.Debug|Any CPU.ActiveCfg = Debug|x86
		{A39AA5F5-D674-4544-A296-CE222A852FE3}.Debug|Mixed Platforms.ActiveCfg = Debug|x86
		{A39AA5F5-D674-4544-A296-CE222A852FE3}.Debug|Mixed Platforms.Build.0 = Debug|x86
		{A39AA5F5-D674-4544-A296-CE222A852FE3}.Debug|Win32.ActiveCfg = Debug|x86
		{A39AA5F5-D674-4544-A296-CE222A852FE3}.Debug|x86.ActiveCfg = Debug|x86
		{A39AA5F5-D674-4544-A296-CE222A852FE3}.Debug|x86.Build.0 = Debug|x86
		{A39AA5F5-D674-4544-A296-CE222A852FE3}.Release|Any CPU.ActiveCfg = Release|x86
		{A39AA5F5-D674-4544-A296-CE222A852FE3}.Release|Mixed Platforms.ActiveCfg = Release|x86
		{A39AA5F5-D674-4544-A296-CE222A852FE3}.Release|Mixed Platforms.Build.0 = Release|x86
		{A39AA5F5-D674-4544-A296-CE222A852FE3}.Release|Win32.ActiveCfg = Release|x86
		{A39AA5F5-D674-4544-A296-CE222A852FE3}.Release|x86.ActiveCfg = Release|x86
		{A39AA5F5-D674-4544-A296-CE222A852FE3}.Release|x86.Build.0 = Release|x86
		{7A6D31D1-D904-4619-9475-0B6CC7CBFE42}.Debug|Any CPU.ActiveCfg = Debug|Any CPU
		{7A6D31D1-D904-4619-9475-0B6CC7CBFE42}.Debug|Any CPU.Build.0 = Debug|Any CPU
		{7A6D31D1-D904-4619-9475-0B6CC7CBFE42}.Debug|Mixed Platforms.ActiveCfg = Debug|Any CPU
		{7A6D31D1-D904-4619-9475-0B6CC7CBFE42}.Debug|Mixed Platforms.Build.0 = Debug|Any CPU
		{7A6D31D1-D904-4619-9475-0B6CC7CBFE42}.Debug|Win32.ActiveCfg = Debug|Any CPU
		{7A6D31D1-D904-4619-9475-0B6CC7CBFE42}.Debug|x86.ActiveCfg = Debug|Any CPU
		{7A6D31D1-D904-4619-9475-0B6CC7CBFE42}.Release|Any CPU.ActiveCfg = Release|Any CPU
		{7A6D31D1-D904-4619-9475-0B6CC7CBFE42}.Release|Any CPU.Build.0 = Release|Any CPU
		{7A6D31D1-D904-4619-9475-0B6CC7CBFE42}.Release|Mixed Platforms.ActiveCfg = Release|Any CPU
		{7A6D31D1-D904-4619-9475-0B6CC7CBFE42}.Release|Mixed Platforms.Build.0 = Release|Any CPU
		{7A6D31D1-D904-4619-9475-0B6CC7CBFE42}.Release|Win32.ActiveCfg = Release|Any CPU
		{7A6D31D1-D904-4619-9475-0B6CC7CBFE42}.Release|x86.ActiveCfg = Release|Any CPU
	EndGlobalSection
	GlobalSection(SolutionProperties) = preSolution
		HideSolutionNode = FALSE
	EndGlobalSection
EndGlobal
