
Microsoft Visual Studio Solution File, Format Version 12.00
# Visual Studio 15
VisualStudioVersion = 15.0.28307.572
MinimumVisualStudioVersion = 10.0.40219.1
Project("{9A19103F-16F7-4668-BE54-9A1E7A4F7556}") = "Joocey", "Joocey\Joocey.csproj", "{83725720-3E8E-41FF-A852-4639ED438966}"
EndProject
Project("{9A19103F-16F7-4668-BE54-9A1E7A4F7556}") = "Pgn", "..\Pgn\Pgn.csproj", "{218193DC-623D-40B9-90D2-268C5B2A84E3}"
EndProject
Project("{9A19103F-16F7-4668-BE54-9A1E7A4F7556}") = "Board", "Board\Board.csproj", "{D61E578E-4700-4639-890F-216C7269DA09}"
EndProject
Project("{FAE04EC0-301F-11D3-BF4B-00C04F79EFBC}") = "Test", "Test\Test.csproj", "{359BEB7C-04F9-42EC-85DF-063DB77FE5FC}"
EndProject
Project("{FAE04EC0-301F-11D3-BF4B-00C04F79EFBC}") = "UCI", "UCI\UCI.csproj", "{A603D4CB-481C-4F00-A2C7-892E90C1A666}"
EndProject
Global
	GlobalSection(SolutionConfigurationPlatforms) = preSolution
		Debug|Any CPU = Debug|Any CPU
		Release|Any CPU = Release|Any CPU
	EndGlobalSection
	GlobalSection(ProjectConfigurationPlatforms) = postSolution
		{83725720-3E8E-41FF-A852-4639ED438966}.Debug|Any CPU.ActiveCfg = Debug|Any CPU
		{83725720-3E8E-41FF-A852-4639ED438966}.Debug|Any CPU.Build.0 = Debug|Any CPU
		{83725720-3E8E-41FF-A852-4639ED438966}.Release|Any CPU.ActiveCfg = Release|Any CPU
		{83725720-3E8E-41FF-A852-4639ED438966}.Release|Any CPU.Build.0 = Release|Any CPU
		{218193DC-623D-40B9-90D2-268C5B2A84E3}.Debug|Any CPU.ActiveCfg = Debug|Any CPU
		{218193DC-623D-40B9-90D2-268C5B2A84E3}.Debug|Any CPU.Build.0 = Debug|Any CPU
		{218193DC-623D-40B9-90D2-268C5B2A84E3}.Release|Any CPU.ActiveCfg = Release|Any CPU
		{218193DC-623D-40B9-90D2-268C5B2A84E3}.Release|Any CPU.Build.0 = Release|Any CPU
		{D61E578E-4700-4639-890F-216C7269DA09}.Debug|Any CPU.ActiveCfg = Debug|Any CPU
		{D61E578E-4700-4639-890F-216C7269DA09}.Debug|Any CPU.Build.0 = Debug|Any CPU
		{D61E578E-4700-4639-890F-216C7269DA09}.Release|Any CPU.ActiveCfg = Release|Any CPU
		{D61E578E-4700-4639-890F-216C7269DA09}.Release|Any CPU.Build.0 = Release|Any CPU
		{359BEB7C-04F9-42EC-85DF-063DB77FE5FC}.Debug|Any CPU.ActiveCfg = Debug|Any CPU
		{359BEB7C-04F9-42EC-85DF-063DB77FE5FC}.Debug|Any CPU.Build.0 = Debug|Any CPU
		{359BEB7C-04F9-42EC-85DF-063DB77FE5FC}.Release|Any CPU.ActiveCfg = Release|Any CPU
		{359BEB7C-04F9-42EC-85DF-063DB77FE5FC}.Release|Any CPU.Build.0 = Release|Any CPU
		{A603D4CB-481C-4F00-A2C7-892E90C1A666}.Debug|Any CPU.ActiveCfg = Debug|Any CPU
		{A603D4CB-481C-4F00-A2C7-892E90C1A666}.Debug|Any CPU.Build.0 = Debug|Any CPU
		{A603D4CB-481C-4F00-A2C7-892E90C1A666}.Release|Any CPU.ActiveCfg = Release|Any CPU
		{A603D4CB-481C-4F00-A2C7-892E90C1A666}.Release|Any CPU.Build.0 = Release|Any CPU
	EndGlobalSection
	GlobalSection(SolutionProperties) = preSolution
		HideSolutionNode = FALSE
	EndGlobalSection
	GlobalSection(ExtensibilityGlobals) = postSolution
		SolutionGuid = {EED33D44-C6BC-4ECA-9115-1372A07B8E92}
	EndGlobalSection
EndGlobal
